
Microsoft Visual Studio Solution File, Format Version 12.00
# Visual Studio Version 17
VisualStudioVersion = 17.1.32407.343
MinimumVisualStudioVersion = 10.0.40219.1
Project("{9A19103F-16F7-4668-BE54-9A1E7A4F7556}") = "HealthPetAPP.Server", "Server\HealthPetAPP.Server.csproj", "{990540A8-C79C-4441-A387-1DB703959644}"
EndProject
Project("{9A19103F-16F7-4668-BE54-9A1E7A4F7556}") = "HealthPetAPP.Client", "Client\HealthPetAPP.Client.csproj", "{42DAB00F-F641-4E6E-99CE-94583696667A}"
EndProject
Project("{9A19103F-16F7-4668-BE54-9A1E7A4F7556}") = "HealthPetAPP.Shared", "Shared\HealthPetAPP.Shared.csproj", "{EB02DEF6-ADAD-4AA7-B909-859E30A0B5F4}"
EndProject
Global
	GlobalSection(SolutionConfigurationPlatforms) = preSolution
		Debug|Any CPU = Debug|Any CPU
		Release|Any CPU = Release|Any CPU
	EndGlobalSection
	GlobalSection(ProjectConfigurationPlatforms) = postSolution
		{990540A8-C79C-4441-A387-1DB703959644}.Debug|Any CPU.ActiveCfg = Debug|Any CPU
		{990540A8-C79C-4441-A387-1DB703959644}.Debug|Any CPU.Build.0 = Debug|Any CPU
		{990540A8-C79C-4441-A387-1DB703959644}.Release|Any CPU.ActiveCfg = Release|Any CPU
		{990540A8-C79C-4441-A387-1DB703959644}.Release|Any CPU.Build.0 = Release|Any CPU
		{42DAB00F-F641-4E6E-99CE-94583696667A}.Debug|Any CPU.ActiveCfg = Debug|Any CPU
		{42DAB00F-F641-4E6E-99CE-94583696667A}.Debug|Any CPU.Build.0 = Debug|Any CPU
		{42DAB00F-F641-4E6E-99CE-94583696667A}.Release|Any CPU.ActiveCfg = Release|Any CPU
		{42DAB00F-F641-4E6E-99CE-94583696667A}.Release|Any CPU.Build.0 = Release|Any CPU
		{EB02DEF6-ADAD-4AA7-B909-859E30A0B5F4}.Debug|Any CPU.ActiveCfg = Debug|Any CPU
		{EB02DEF6-ADAD-4AA7-B909-859E30A0B5F4}.Debug|Any CPU.Build.0 = Debug|Any CPU
		{EB02DEF6-ADAD-4AA7-B909-859E30A0B5F4}.Release|Any CPU.ActiveCfg = Release|Any CPU
		{EB02DEF6-ADAD-4AA7-B909-859E30A0B5F4}.Release|Any CPU.Build.0 = Release|Any CPU
	EndGlobalSection
	GlobalSection(SolutionProperties) = preSolution
		HideSolutionNode = FALSE
	EndGlobalSection
	GlobalSection(ExtensibilityGlobals) = postSolution
		SolutionGuid = {36E06F8E-5C81-4E44-8274-45BEF13F8776}
	EndGlobalSection
EndGlobal
